// !$*UTF8*$!
{
	archiveVersion = 1;
	classes = {
	};
	objectVersion = 48;
	objects = {

/* Begin PBXBuildFile section */
		66116C9C1F14BDF500B9D9D2 /* definitions.swift in Sources */ = {isa = PBXBuildFile; fileRef = 66116C9B1F14BDF500B9D9D2 /* definitions.swift */; };
		661FBEDB1F14B5860073AED5 /* BasicAnimationViewController.swift in Sources */ = {isa = PBXBuildFile; fileRef = 661FBEDA1F14B5860073AED5 /* BasicAnimationViewController.swift */; };
		661FBEDD1F14B58C0073AED5 /* AnimatorViewController.swift in Sources */ = {isa = PBXBuildFile; fileRef = 661FBEDC1F14B58C0073AED5 /* AnimatorViewController.swift */; };
		661FBEDF1F14B5940073AED5 /* SpringAnimatorViewController.swift in Sources */ = {isa = PBXBuildFile; fileRef = 661FBEDE1F14B5940073AED5 /* SpringAnimatorViewController.swift */; };
		661FBEE11F14B59D0073AED5 /* InteractiveAnimationViewController.swift in Sources */ = {isa = PBXBuildFile; fileRef = 661FBEE01F14B59C0073AED5 /* InteractiveAnimationViewController.swift */; };
		663CCE501F127909000047BE /* AppDelegate.swift in Sources */ = {isa = PBXBuildFile; fileRef = 663CCE4F1F127909000047BE /* AppDelegate.swift */; };
		663CCE521F127909000047BE /* ViewController.swift in Sources */ = {isa = PBXBuildFile; fileRef = 663CCE511F127909000047BE /* ViewController.swift */; };
		663CCE551F127909000047BE /* Main.storyboard in Resources */ = {isa = PBXBuildFile; fileRef = 663CCE531F127909000047BE /* Main.storyboard */; };
		663CCE571F127909000047BE /* Assets.xcassets in Resources */ = {isa = PBXBuildFile; fileRef = 663CCE561F127909000047BE /* Assets.xcassets */; };
		663CCE5A1F127909000047BE /* LaunchScreen.storyboard in Resources */ = {isa = PBXBuildFile; fileRef = 663CCE581F127909000047BE /* LaunchScreen.storyboard */; };
/* End PBXBuildFile section */

/* Begin PBXFileReference section */
		66116C9B1F14BDF500B9D9D2 /* definitions.swift */ = {isa = PBXFileReference; lastKnownFileType = sourcecode.swift; path = definitions.swift; sourceTree = "<group>"; };
		661FBEDA1F14B5860073AED5 /* BasicAnimationViewController.swift */ = {isa = PBXFileReference; lastKnownFileType = sourcecode.swift; path = BasicAnimationViewController.swift; sourceTree = "<group>"; };
		661FBEDC1F14B58C0073AED5 /* AnimatorViewController.swift */ = {isa = PBXFileReference; lastKnownFileType = sourcecode.swift; path = AnimatorViewController.swift; sourceTree = "<group>"; };
		661FBEDE1F14B5940073AED5 /* SpringAnimatorViewController.swift */ = {isa = PBXFileReference; lastKnownFileType = sourcecode.swift; path = SpringAnimatorViewController.swift; sourceTree = "<group>"; };
		661FBEE01F14B59C0073AED5 /* InteractiveAnimationViewController.swift */ = {isa = PBXFileReference; lastKnownFileType = sourcecode.swift; path = InteractiveAnimationViewController.swift; sourceTree = "<group>"; };
		663CCE4C1F127909000047BE /* AdvancedUIKitAnimations.app */ = {isa = PBXFileReference; explicitFileType = wrapper.application; includeInIndex = 0; path = AdvancedUIKitAnimations.app; sourceTree = BUILT_PRODUCTS_DIR; };
		663CCE4F1F127909000047BE /* AppDelegate.swift */ = {isa = PBXFileReference; lastKnownFileType = sourcecode.swift; path = AppDelegate.swift; sourceTree = "<group>"; };
		663CCE511F127909000047BE /* ViewController.swift */ = {isa = PBXFileReference; lastKnownFileType = sourcecode.swift; path = ViewController.swift; sourceTree = "<group>"; };
		663CCE541F127909000047BE /* Base */ = {isa = PBXFileReference; lastKnownFileType = file.storyboard; name = Base; path = Base.lproj/Main.storyboard; sourceTree = "<group>"; };
		663CCE561F127909000047BE /* Assets.xcassets */ = {isa = PBXFileReference; lastKnownFileType = folder.assetcatalog; path = Assets.xcassets; sourceTree = "<group>"; };
		663CCE591F127909000047BE /* Base */ = {isa = PBXFileReference; lastKnownFileType = file.storyboard; name = Base; path = Base.lproj/LaunchScreen.storyboard; sourceTree = "<group>"; };
		663CCE5B1F127909000047BE /* Info.plist */ = {isa = PBXFileReference; lastKnownFileType = text.plist.xml; path = Info.plist; sourceTree = "<group>"; };
/* End PBXFileReference section */

/* Begin PBXFrameworksBuildPhase section */
		663CCE491F127909000047BE /* Frameworks */ = {
			isa = PBXFrameworksBuildPhase;
			buildActionMask = 2147483647;
			files = (
			);
			runOnlyForDeploymentPostprocessing = 0;
		};
/* End PBXFrameworksBuildPhase section */

/* Begin PBXGroup section */
		661FBED71F14B5520073AED5 /* View Controllers */ = {
			isa = PBXGroup;
			children = (
				663CCE511F127909000047BE /* ViewController.swift */,
				661FBEDA1F14B5860073AED5 /* BasicAnimationViewController.swift */,
				661FBEDC1F14B58C0073AED5 /* AnimatorViewController.swift */,
				661FBEDE1F14B5940073AED5 /* SpringAnimatorViewController.swift */,
				661FBEE01F14B59C0073AED5 /* InteractiveAnimationViewController.swift */,
			);
			path = "View Controllers";
			sourceTree = "<group>";
		};
		661FBED81F14B55D0073AED5 /* App & Resources */ = {
			isa = PBXGroup;
			children = (
				663CCE4F1F127909000047BE /* AppDelegate.swift */,
				663CCE561F127909000047BE /* Assets.xcassets */,
				66116C9B1F14BDF500B9D9D2 /* definitions.swift */,
			);
			path = "App & Resources";
			sourceTree = "<group>";
		};
		661FBED91F14B5670073AED5 /* Storyboards */ = {
			isa = PBXGroup;
			children = (
				663CCE531F127909000047BE /* Main.storyboard */,
				663CCE581F127909000047BE /* LaunchScreen.storyboard */,
			);
			path = Storyboards;
			sourceTree = "<group>";
		};
		663CCE431F127909000047BE = {
			isa = PBXGroup;
			children = (
				663CCE4E1F127909000047BE /* AdvancedUIKitAnimations */,
				663CCE4D1F127909000047BE /* Products */,
			);
			sourceTree = "<group>";
		};
		663CCE4D1F127909000047BE /* Products */ = {
			isa = PBXGroup;
			children = (
				663CCE4C1F127909000047BE /* AdvancedUIKitAnimations.app */,
			);
			name = Products;
			sourceTree = "<group>";
		};
		663CCE4E1F127909000047BE /* AdvancedUIKitAnimations */ = {
			isa = PBXGroup;
			children = (
				663CCE5B1F127909000047BE /* Info.plist */,
				661FBED91F14B5670073AED5 /* Storyboards */,
				661FBED81F14B55D0073AED5 /* App & Resources */,
				661FBED71F14B5520073AED5 /* View Controllers */,
			);
			path = AdvancedUIKitAnimations;
			sourceTree = "<group>";
		};
/* End PBXGroup section */

/* Begin PBXNativeTarget section */
		663CCE4B1F127909000047BE /* AdvancedUIKitAnimations */ = {
			isa = PBXNativeTarget;
			buildConfigurationList = 663CCE5E1F127909000047BE /* Build configuration list for PBXNativeTarget "AdvancedUIKitAnimations" */;
			buildPhases = (
				663CCE481F127909000047BE /* Sources */,
				663CCE491F127909000047BE /* Frameworks */,
				663CCE4A1F127909000047BE /* Resources */,
			);
			buildRules = (
			);
			dependencies = (
			);
			name = AdvancedUIKitAnimations;
			productName = AdvancedUIKitAnimations;
			productReference = 663CCE4C1F127909000047BE /* AdvancedUIKitAnimations.app */;
			productType = "com.apple.product-type.application";
		};
/* End PBXNativeTarget section */

/* Begin PBXProject section */
		663CCE441F127909000047BE /* Project object */ = {
			isa = PBXProject;
			attributes = {
				LastSwiftUpdateCheck = 0900;
				LastUpgradeCheck = 0900;
				ORGANIZATIONNAME = "Digital Leaves";
				TargetAttributes = {
					663CCE4B1F127909000047BE = {
						CreatedOnToolsVersion = 9.0;
					};
				};
			};
			buildConfigurationList = 663CCE471F127909000047BE /* Build configuration list for PBXProject "AdvancedUIKitAnimations" */;
			compatibilityVersion = "Xcode 8.0";
			developmentRegion = en;
			hasScannedForEncodings = 0;
			knownRegions = (
				en,
				Base,
			);
			mainGroup = 663CCE431F127909000047BE;
			productRefGroup = 663CCE4D1F127909000047BE /* Products */;
			projectDirPath = "";
			projectRoot = "";
			targets = (
				663CCE4B1F127909000047BE /* AdvancedUIKitAnimations */,
			);
		};
/* End PBXProject section */

/* Begin PBXResourcesBuildPhase section */
		663CCE4A1F127909000047BE /* Resources */ = {
			isa = PBXResourcesBuildPhase;
			buildActionMask = 2147483647;
			files = (
				663CCE5A1F127909000047BE /* LaunchScreen.storyboard in Resources */,
				663CCE571F127909000047BE /* Assets.xcassets in Resources */,
				663CCE551F127909000047BE /* Main.storyboard in Resources */,
			);
			runOnlyForDeploymentPostprocessing = 0;
		};
/* End PBXResourcesBuildPhase section */

/* Begin PBXSourcesBuildPhase section */
		663CCE481F127909000047BE /* Sources */ = {
			isa = PBXSourcesBuildPhase;
			buildActionMask = 2147483647;
			files = (
				661FBEE11F14B59D0073AED5 /* InteractiveAnimationViewController.swift in Sources */,
				663CCE521F127909000047BE /* ViewController.swift in Sources */,
				66116C9C1F14BDF500B9D9D2 /* definitions.swift in Sources */,
				661FBEDD1F14B58C0073AED5 /* AnimatorViewController.swift in Sources */,
				663CCE501F127909000047BE /* AppDelegate.swift in Sources */,
				661FBEDF1F14B5940073AED5 /* SpringAnimatorViewController.swift in Sources */,
				661FBEDB1F14B5860073AED5 /* BasicAnimationViewController.swift in Sources */,
			);
			runOnlyForDeploymentPostprocessing = 0;
		};
/* End PBXSourcesBuildPhase section */

/* Begin PBXVariantGroup section */
		663CCE531F127909000047BE /* Main.storyboard */ = {
			isa = PBXVariantGroup;
			children = (
				663CCE541F127909000047BE /* Base */,
			);
			name = Main.storyboard;
			sourceTree = "<group>";
		};
		663CCE581F127909000047BE /* LaunchScreen.storyboard */ = {
			isa = PBXVariantGroup;
			children = (
				663CCE591F127909000047BE /* Base */,
			);
			name = LaunchScreen.storyboard;
			sourceTree = "<group>";
		};
/* End PBXVariantGroup section */

/* Begin XCBuildConfiguration section */
		663CCE5C1F127909000047BE /* Debug */ = {
			isa = XCBuildConfiguration;
			buildSettings = {
				ALWAYS_SEARCH_USER_PATHS = NO;
				CLANG_ANALYZER_NONNULL = YES;
				CLANG_ANALYZER_NUMBER_OBJECT_CONVERSION = YES_AGGRESSIVE;
				CLANG_CXX_LANGUAGE_STANDARD = "gnu++14";
				CLANG_CXX_LIBRARY = "libc++";
				CLANG_ENABLE_MODULES = YES;
				CLANG_ENABLE_OBJC_ARC = YES;
				CLANG_WARN_BLOCK_CAPTURE_AUTORELEASING = YES;
				CLANG_WARN_BOOL_CONVERSION = YES;
				CLANG_WARN_COMMA = YES;
				CLANG_WARN_CONSTANT_CONVERSION = YES;
				CLANG_WARN_DIRECT_OBJC_ISA_USAGE = YES_ERROR;
				CLANG_WARN_DOCUMENTATION_COMMENTS = YES;
				CLANG_WARN_EMPTY_BODY = YES;
				CLANG_WARN_ENUM_CONVERSION = YES;
				CLANG_WARN_INFINITE_RECURSION = YES;
				CLANG_WARN_INT_CONVERSION = YES;
				CLANG_WARN_OBJC_ROOT_CLASS = YES_ERROR;
				CLANG_WARN_RANGE_LOOP_ANALYSIS = YES;
				CLANG_WARN_STRICT_PROTOTYPES = YES;
				CLANG_WARN_SUSPICIOUS_MOVE = YES;
				CLANG_WARN_UNGUARDED_AVAILABILITY = YES_AGGRESSIVE;
				CLANG_WARN_UNREACHABLE_CODE = YES;
				CLANG_WARN__DUPLICATE_METHOD_MATCH = YES;
				CODE_SIGN_IDENTITY = "iPhone Developer";
				COPY_PHASE_STRIP = NO;
				DEBUG_INFORMATION_FORMAT = dwarf;
				ENABLE_STRICT_OBJC_MSGSEND = YES;
				ENABLE_TESTABILITY = YES;
				GCC_C_LANGUAGE_STANDARD = gnu11;
				GCC_DYNAMIC_NO_PIC = NO;
				GCC_NO_COMMON_BLOCKS = YES;
				GCC_OPTIMIZATION_LEVEL = 0;
				GCC_PREPROCESSOR_DEFINITIONS = (
					"DEBUG=1",
					"$(inherited)",
				);
				GCC_WARN_64_TO_32_BIT_CONVERSION = YES;
				GCC_WARN_ABOUT_RETURN_TYPE = YES_ERROR;
				GCC_WARN_UNDECLARED_SELECTOR = YES;
				GCC_WARN_UNINITIALIZED_AUTOS = YES_AGGRESSIVE;
				GCC_WARN_UNUSED_FUNCTION = YES;
				GCC_WARN_UNUSED_VARIABLE = YES;
				IPHONEOS_DEPLOYMENT_TARGET = 11.0;
				MTL_ENABLE_DEBUG_INFO = YES;
				ONLY_ACTIVE_ARCH = YES;
				SDKROOT = iphoneos;
				SWIFT_ACTIVE_COMPILATION_CONDITIONS = DEBUG;
				SWIFT_OPTIMIZATION_LEVEL = "-Onone";
			};
			name = Debug;
		};
		663CCE5D1F127909000047BE /* Release */ = {
			isa = XCBuildConfiguration;
			buildSettings = {
				ALWAYS_SEARCH_USER_PATHS = NO;
				CLANG_ANALYZER_NONNULL = YES;
				CLANG_ANALYZER_NUMBER_OBJECT_CONVERSION = YES_AGGRESSIVE;
				CLANG_CXX_LANGUAGE_STANDARD = "gnu++14";
				CLANG_CXX_LIBRARY = "libc++";
				CLANG_ENABLE_MODULES = YES;
				CLANG_ENABLE_OBJC_ARC = YES;
				CLANG_WARN_BLOCK_CAPTURE_AUTORELEASING = YES;
				CLANG_WARN_BOOL_CONVERSION = YES;
				CLANG_WARN_COMMA = YES;
				CLANG_WARN_CONSTANT_CONVERSION = YES;
				CLANG_WARN_DIRECT_OBJC_ISA_USAGE = YES_ERROR;
				CLANG_WARN_DOCUMENTATION_COMMENTS = YES;
				CLANG_WARN_EMPTY_BODY = YES;
				CLANG_WARN_ENUM_CONVERSION = YES;
				CLANG_WARN_INFINITE_RECURSION = YES;
				CLANG_WARN_INT_CONVERSION = YES;
				CLANG_WARN_OBJC_ROOT_CLASS = YES_ERROR;
				CLANG_WARN_RANGE_LOOP_ANALYSIS = YES;
				CLANG_WARN_STRICT_PROTOTYPES = YES;
				CLANG_WARN_SUSPICIOUS_MOVE = YES;
				CLANG_WARN_UNGUARDED_AVAILABILITY = YES_AGGRESSIVE;
				CLANG_WARN_UNREACHABLE_CODE = YES;
				CLANG_WARN__DUPLICATE_METHOD_MATCH = YES;
				CODE_SIGN_IDENTITY = "iPhone Developer";
				COPY_PHASE_STRIP = NO;
				DEBUG_INFORMATION_FORMAT = "dwarf-with-dsym";
				ENABLE_NS_ASSERTIONS = NO;
				ENABLE_STRICT_OBJC_MSGSEND = YES;
				GCC_C_LANGUAGE_STANDARD = gnu11;
				GCC_NO_COMMON_BLOCKS = YES;
				GCC_WARN_64_TO_32_BIT_CONVERSION = YES;
				GCC_WARN_ABOUT_RETURN_TYPE = YES_ERROR;
				GCC_WARN_UNDECLARED_SELECTOR = YES;
				GCC_WARN_UNINITIALIZED_AUTOS = YES_AGGRESSIVE;
				GCC_WARN_UNUSED_FUNCTION = YES;
				GCC_WARN_UNUSED_VARIABLE = YES;
				IPHONEOS_DEPLOYMENT_TARGET = 11.0;
				MTL_ENABLE_DEBUG_INFO = NO;
				SDKROOT = iphoneos;
				SWIFT_OPTIMIZATION_LEVEL = "-Owholemodule";
				VALIDATE_PRODUCT = YES;
			};
			name = Release;
		};
		663CCE5F1F127909000047BE /* Debug */ = {
			isa = XCBuildConfiguration;
			buildSettings = {
				ASSETCATALOG_COMPILER_APPICON_NAME = AppIcon;
				DEVELOPMENT_TEAM = 97P9DZHP78;
				INFOPLIST_FILE = AdvancedUIKitAnimations/Info.plist;
				LD_RUNPATH_SEARCH_PATHS = "$(inherited) @executable_path/Frameworks";
				PRODUCT_BUNDLE_IDENTIFIER = com.DigitalLeaves.AdvancedUIKitAnimations;
				PRODUCT_NAME = "$(TARGET_NAME)";
				SWIFT_VERSION = 4.0;
				TARGETED_DEVICE_FAMILY = "1,2";
			};
			name = Debug;
		};
		663CCE601F127909000047BE /* Release */ = {
			isa = XCBuildConfiguration;
			buildSettings = {
				ASSETCATALOG_COMPILER_APPICON_NAME = AppIcon;
				DEVELOPMENT_TEAM = 97P9DZHP78;
				INFOPLIST_FILE = AdvancedUIKitAnimations/Info.plist;
				LD_RUNPATH_SEARCH_PATHS = "$(inherited) @executable_path/Frameworks";
				PRODUCT_BUNDLE_IDENTIFIER = com.DigitalLeaves.AdvancedUIKitAnimations;
				PRODUCT_NAME = "$(TARGET_NAME)";
				SWIFT_VERSION = 4.0;
				TARGETED_DEVICE_FAMILY = "1,2";
			};
			name = Release;
		};
/* End XCBuildConfiguration section */

/* Begin XCConfigurationList section */
		663CCE471F127909000047BE /* Build configuration list for PBXProject "AdvancedUIKitAnimations" */ = {
			isa = XCConfigurationList;
			buildConfigurations = (
				663CCE5C1F127909000047BE /* Debug */,
				663CCE5D1F127909000047BE /* Release */,
			);
			defaultConfigurationIsVisible = 0;
			defaultConfigurationName = Release;
		};
		663CCE5E1F127909000047BE /* Build configuration list for PBXNativeTarget "AdvancedUIKitAnimations" */ = {
			isa = XCConfigurationList;
			buildConfigurations = (
				663CCE5F1F127909000047BE /* Debug */,
				663CCE601F127909000047BE /* Release */,
			);
			defaultConfigurationIsVisible = 0;
			defaultConfigurationName = Release;
		};
/* End XCConfigurationList section */
	};
	rootObject = 663CCE441F127909000047BE /* Project object */;
}
